
Microsoft Visual Studio Solution File, Format Version 12.00
# Visual Studio Version 17
VisualStudioVersion = 17.11.35303.130
MinimumVisualStudioVersion = 10.0.40219.1
Project("{FAE04EC0-301F-11D3-BF4B-00C04F79EFBC}") = "excel_test", "excel_test\excel_test.csproj", "{8E7A6048-D742-4791-95C7-E835933891A1}"
EndProject
Global
	GlobalSection(SolutionConfigurationPlatforms) = preSolution
		Debug|Any CPU = Debug|Any CPU
		Release|Any CPU = Release|Any CPU
	EndGlobalSection
	GlobalSection(ProjectConfigurationPlatforms) = postSolution
		{8E7A6048-D742-4791-95C7-E835933891A1}.Debug|Any CPU.ActiveCfg = Debug|Any CPU
		{8E7A6048-D742-4791-95C7-E835933891A1}.Debug|Any CPU.Build.0 = Debug|Any CPU
		{8E7A6048-D742-4791-95C7-E835933891A1}.Release|Any CPU.ActiveCfg = Release|Any CPU
		{8E7A6048-D742-4791-95C7-E835933891A1}.Release|Any CPU.Build.0 = Release|Any CPU
	EndGlobalSection
	GlobalSection(SolutionProperties) = preSolution
		HideSolutionNode = FALSE
	EndGlobalSection
	GlobalSection(ExtensibilityGlobals) = postSolution
		SolutionGuid = {45087AEC-B831-40EA-91D6-3B2425B3AE17}
	EndGlobalSection
EndGlobal
